// !$*UTF8*$!
{
	archiveVersion = 1;
	classes = {
	};
	objectVersion = 51;
	objects = {

/* Begin PBXBuildFile section */
		60841DE04C620C90E8232275 /* Pods_FacebookFriends.framework in Frameworks */ = {isa = PBXBuildFile; fileRef = B54B593BF816B75B8E2D25AD /* Pods_FacebookFriends.framework */; };
		8A1B4842240505AD00D6E0A6 /* PublicVariables.swift in Sources */ = {isa = PBXBuildFile; fileRef = 8A1B4841240505AD00D6E0A6 /* PublicVariables.swift */; };
		8A1B484924051A1700D6E0A6 /* FriendsDetailModel.swift in Sources */ = {isa = PBXBuildFile; fileRef = 8A1B484824051A1700D6E0A6 /* FriendsDetailModel.swift */; };
		8A3818A12405BDC5007F4088 /* DetailPageViewController.swift in Sources */ = {isa = PBXBuildFile; fileRef = 8A3818A02405BDC5007F4088 /* DetailPageViewController.swift */; };
		8A6F7A9F2406A2AE00832EEC /* MapViewController.swift in Sources */ = {isa = PBXBuildFile; fileRef = 8A6F7A9E2406A2AE00832EEC /* MapViewController.swift */; };
		8A7B800F2404FB7000C21FBC /* AppDelegate.swift in Sources */ = {isa = PBXBuildFile; fileRef = 8A7B800E2404FB7000C21FBC /* AppDelegate.swift */; };
		8A7B80112404FB7000C21FBC /* SceneDelegate.swift in Sources */ = {isa = PBXBuildFile; fileRef = 8A7B80102404FB7000C21FBC /* SceneDelegate.swift */; };
		8A7B80132404FB7000C21FBC /* LoginPageViewController.swift in Sources */ = {isa = PBXBuildFile; fileRef = 8A7B80122404FB7000C21FBC /* LoginPageViewController.swift */; };
		8A7B80162404FB7000C21FBC /* Main.storyboard in Resources */ = {isa = PBXBuildFile; fileRef = 8A7B80142404FB7000C21FBC /* Main.storyboard */; };
		8A7B80182404FB7200C21FBC /* Assets.xcassets in Resources */ = {isa = PBXBuildFile; fileRef = 8A7B80172404FB7200C21FBC /* Assets.xcassets */; };
		8A7B801B2404FB7200C21FBC /* LaunchScreen.storyboard in Resources */ = {isa = PBXBuildFile; fileRef = 8A7B80192404FB7200C21FBC /* LaunchScreen.storyboard */; };
		8A8BF98D240522600053BB18 /* Extensions.swift in Sources */ = {isa = PBXBuildFile; fileRef = 8A8BF98C240522600053BB18 /* Extensions.swift */; };
		8ACADE75240547C50027C4E2 /* FriendsTableViewController.swift in Sources */ = {isa = PBXBuildFile; fileRef = 8ACADE74240547C50027C4E2 /* FriendsTableViewController.swift */; };
		8ACADE77240548C30027C4E2 /* FriendTableViewCell.swift in Sources */ = {isa = PBXBuildFile; fileRef = 8ACADE76240548C30027C4E2 /* FriendTableViewCell.swift */; };
		8AFAB1332405214300C48DEA /* WebServices.swift in Sources */ = {isa = PBXBuildFile; fileRef = 8AFAB1322405214300C48DEA /* WebServices.swift */; };
/* End PBXBuildFile section */

/* Begin PBXFileReference section */
		79966519EB3BCB47E682E9E7 /* Pods-FacebookFriends.debug.xcconfig */ = {isa = PBXFileReference; includeInIndex = 1; lastKnownFileType = text.xcconfig; name = "Pods-FacebookFriends.debug.xcconfig"; path = "Target Support Files/Pods-FacebookFriends/Pods-FacebookFriends.debug.xcconfig"; sourceTree = "<group>"; };
		8A1B4841240505AD00D6E0A6 /* PublicVariables.swift */ = {isa = PBXFileReference; lastKnownFileType = sourcecode.swift; path = PublicVariables.swift; sourceTree = "<group>"; };
		8A1B484824051A1700D6E0A6 /* FriendsDetailModel.swift */ = {isa = PBXFileReference; lastKnownFileType = sourcecode.swift; path = FriendsDetailModel.swift; sourceTree = "<group>"; };
		8A3818A02405BDC5007F4088 /* DetailPageViewController.swift */ = {isa = PBXFileReference; lastKnownFileType = sourcecode.swift; path = DetailPageViewController.swift; sourceTree = "<group>"; };
		8A6F7A9E2406A2AE00832EEC /* MapViewController.swift */ = {isa = PBXFileReference; lastKnownFileType = sourcecode.swift; path = MapViewController.swift; sourceTree = "<group>"; };
		8A7B800B2404FB7000C21FBC /* FacebookFriends.app */ = {isa = PBXFileReference; explicitFileType = wrapper.application; includeInIndex = 0; path = FacebookFriends.app; sourceTree = BUILT_PRODUCTS_DIR; };
		8A7B800E2404FB7000C21FBC /* AppDelegate.swift */ = {isa = PBXFileReference; lastKnownFileType = sourcecode.swift; path = AppDelegate.swift; sourceTree = "<group>"; };
		8A7B80102404FB7000C21FBC /* SceneDelegate.swift */ = {isa = PBXFileReference; lastKnownFileType = sourcecode.swift; path = SceneDelegate.swift; sourceTree = "<group>"; };
		8A7B80122404FB7000C21FBC /* LoginPageViewController.swift */ = {isa = PBXFileReference; lastKnownFileType = sourcecode.swift; path = LoginPageViewController.swift; sourceTree = "<group>"; };
		8A7B80152404FB7000C21FBC /* Base */ = {isa = PBXFileReference; lastKnownFileType = file.storyboard; name = Base; path = Base.lproj/Main.storyboard; sourceTree = "<group>"; };
		8A7B80172404FB7200C21FBC /* Assets.xcassets */ = {isa = PBXFileReference; lastKnownFileType = folder.assetcatalog; path = Assets.xcassets; sourceTree = "<group>"; };
		8A7B801A2404FB7200C21FBC /* Base */ = {isa = PBXFileReference; lastKnownFileType = file.storyboard; name = Base; path = Base.lproj/LaunchScreen.storyboard; sourceTree = "<group>"; };
		8A7B801C2404FB7200C21FBC /* Info.plist */ = {isa = PBXFileReference; lastKnownFileType = text.plist.xml; path = Info.plist; sourceTree = "<group>"; };
		8A8BF98C240522600053BB18 /* Extensions.swift */ = {isa = PBXFileReference; lastKnownFileType = sourcecode.swift; path = Extensions.swift; sourceTree = "<group>"; };
		8ACADE74240547C50027C4E2 /* FriendsTableViewController.swift */ = {isa = PBXFileReference; lastKnownFileType = sourcecode.swift; path = FriendsTableViewController.swift; sourceTree = "<group>"; };
		8ACADE76240548C30027C4E2 /* FriendTableViewCell.swift */ = {isa = PBXFileReference; lastKnownFileType = sourcecode.swift; path = FriendTableViewCell.swift; sourceTree = "<group>"; };
		8AFAB1322405214300C48DEA /* WebServices.swift */ = {isa = PBXFileReference; lastKnownFileType = sourcecode.swift; path = WebServices.swift; sourceTree = "<group>"; };
		B54B593BF816B75B8E2D25AD /* Pods_FacebookFriends.framework */ = {isa = PBXFileReference; explicitFileType = wrapper.framework; includeInIndex = 0; path = Pods_FacebookFriends.framework; sourceTree = BUILT_PRODUCTS_DIR; };
		F96D94F5C689910284E33385 /* Pods-FacebookFriends.release.xcconfig */ = {isa = PBXFileReference; includeInIndex = 1; lastKnownFileType = text.xcconfig; name = "Pods-FacebookFriends.release.xcconfig"; path = "Target Support Files/Pods-FacebookFriends/Pods-FacebookFriends.release.xcconfig"; sourceTree = "<group>"; };
/* End PBXFileReference section */

/* Begin PBXFrameworksBuildPhase section */
		8A7B80082404FB7000C21FBC /* Frameworks */ = {
			isa = PBXFrameworksBuildPhase;
			buildActionMask = 2147483647;
			files = (
				60841DE04C620C90E8232275 /* Pods_FacebookFriends.framework in Frameworks */,
			);
			runOnlyForDeploymentPostprocessing = 0;
		};
/* End PBXFrameworksBuildPhase section */

/* Begin PBXGroup section */
		8A1B483E2405055A00D6E0A6 /* Controller */ = {
			isa = PBXGroup;
			children = (
				8A7B80122404FB7000C21FBC /* LoginPageViewController.swift */,
				8ACADE74240547C50027C4E2 /* FriendsTableViewController.swift */,
				8A3818A02405BDC5007F4088 /* DetailPageViewController.swift */,
				8A6F7A9E2406A2AE00832EEC /* MapViewController.swift */,
				8ACADE76240548C30027C4E2 /* FriendTableViewCell.swift */,
			);
			path = Controller;
			sourceTree = "<group>";
		};
		8A1B483F2405057000D6E0A6 /* View */ = {
			isa = PBXGroup;
			children = (
				8A7B80142404FB7000C21FBC /* Main.storyboard */,
				8A7B80192404FB7200C21FBC /* LaunchScreen.storyboard */,
			);
			path = View;
			sourceTree = "<group>";
		};
		8A1B48402405058A00D6E0A6 /* Model */ = {
			isa = PBXGroup;
			children = (
				8A1B484824051A1700D6E0A6 /* FriendsDetailModel.swift */,
			);
			path = Model;
			sourceTree = "<group>";
		};
		8A1B4843240505B400D6E0A6 /* Publics */ = {
			isa = PBXGroup;
			children = (
				8A1B4841240505AD00D6E0A6 /* PublicVariables.swift */,
				8A8BF98C240522600053BB18 /* Extensions.swift */,
			);
			path = Publics;
			sourceTree = "<group>";
		};
		8A7B80022404FB7000C21FBC = {
			isa = PBXGroup;
			children = (
				8A7B800D2404FB7000C21FBC /* FacebookFriends */,
				8A7B800C2404FB7000C21FBC /* Products */,
				FDF9D238D03E26E6034FA228 /* Pods */,
				8F9D92033A1E8D9EDD2D2120 /* Frameworks */,
			);
			sourceTree = "<group>";
		};
		8A7B800C2404FB7000C21FBC /* Products */ = {
			isa = PBXGroup;
			children = (
				8A7B800B2404FB7000C21FBC /* FacebookFriends.app */,
			);
			name = Products;
			sourceTree = "<group>";
		};
		8A7B800D2404FB7000C21FBC /* FacebookFriends */ = {
			isa = PBXGroup;
			children = (
				8A7B800E2404FB7000C21FBC /* AppDelegate.swift */,
				8A7B80102404FB7000C21FBC /* SceneDelegate.swift */,
				8AFAB1342405214C00C48DEA /* WebServices */,
				8A1B4843240505B400D6E0A6 /* Publics */,
				8A1B48402405058A00D6E0A6 /* Model */,
				8A1B483F2405057000D6E0A6 /* View */,
				8A1B483E2405055A00D6E0A6 /* Controller */,
				8A7B80172404FB7200C21FBC /* Assets.xcassets */,
				8A7B801C2404FB7200C21FBC /* Info.plist */,
			);
			path = FacebookFriends;
			sourceTree = "<group>";
		};
		8AFAB1342405214C00C48DEA /* WebServices */ = {
			isa = PBXGroup;
			children = (
				8AFAB1322405214300C48DEA /* WebServices.swift */,
			);
			path = WebServices;
			sourceTree = "<group>";
		};
		8F9D92033A1E8D9EDD2D2120 /* Frameworks */ = {
			isa = PBXGroup;
			children = (
				B54B593BF816B75B8E2D25AD /* Pods_FacebookFriends.framework */,
			);
			name = Frameworks;
			sourceTree = "<group>";
		};
		FDF9D238D03E26E6034FA228 /* Pods */ = {
			isa = PBXGroup;
			children = (
				79966519EB3BCB47E682E9E7 /* Pods-FacebookFriends.debug.xcconfig */,
				F96D94F5C689910284E33385 /* Pods-FacebookFriends.release.xcconfig */,
			);
			path = Pods;
			sourceTree = "<group>";
		};
/* End PBXGroup section */

/* Begin PBXNativeTarget section */
		8A7B800A2404FB7000C21FBC /* FacebookFriends */ = {
			isa = PBXNativeTarget;
			buildConfigurationList = 8A7B801F2404FB7200C21FBC /* Build configuration list for PBXNativeTarget "FacebookFriends" */;
			buildPhases = (
				BE1432BB6F34F01874931D4A /* [CP] Check Pods Manifest.lock */,
				8A7B80072404FB7000C21FBC /* Sources */,
				8A7B80082404FB7000C21FBC /* Frameworks */,
				8A7B80092404FB7000C21FBC /* Resources */,
				ACC12BDE8329769187BDBAB0 /* [CP] Embed Pods Frameworks */,
			);
			buildRules = (
			);
			dependencies = (
			);
			name = FacebookFriends;
			productName = FacebookFriends;
			productReference = 8A7B800B2404FB7000C21FBC /* FacebookFriends.app */;
			productType = "com.apple.product-type.application";
		};
/* End PBXNativeTarget section */

/* Begin PBXProject section */
		8A7B80032404FB7000C21FBC /* Project object */ = {
			isa = PBXProject;
			attributes = {
				LastSwiftUpdateCheck = 1130;
				LastUpgradeCheck = 1130;
				ORGANIZATIONNAME = "Muhammet Taha Genç";
				TargetAttributes = {
					8A7B800A2404FB7000C21FBC = {
						CreatedOnToolsVersion = 11.3;
					};
				};
			};
			buildConfigurationList = 8A7B80062404FB7000C21FBC /* Build configuration list for PBXProject "FacebookFriends" */;
			compatibilityVersion = "Xcode 9.3";
			developmentRegion = en;
			hasScannedForEncodings = 0;
			knownRegions = (
				en,
				Base,
			);
			mainGroup = 8A7B80022404FB7000C21FBC;
			productRefGroup = 8A7B800C2404FB7000C21FBC /* Products */;
			projectDirPath = "";
			projectRoot = "";
			targets = (
				8A7B800A2404FB7000C21FBC /* FacebookFriends */,
			);
		};
/* End PBXProject section */

/* Begin PBXResourcesBuildPhase section */
		8A7B80092404FB7000C21FBC /* Resources */ = {
			isa = PBXResourcesBuildPhase;
			buildActionMask = 2147483647;
			files = (
				8A7B801B2404FB7200C21FBC /* LaunchScreen.storyboard in Resources */,
				8A7B80182404FB7200C21FBC /* Assets.xcassets in Resources */,
				8A7B80162404FB7000C21FBC /* Main.storyboard in Resources */,
			);
			runOnlyForDeploymentPostprocessing = 0;
		};
/* End PBXResourcesBuildPhase section */

/* Begin PBXShellScriptBuildPhase section */
		ACC12BDE8329769187BDBAB0 /* [CP] Embed Pods Frameworks */ = {
			isa = PBXShellScriptBuildPhase;
			buildActionMask = 2147483647;
			files = (
			);
			inputFileListPaths = (
				"${PODS_ROOT}/Target Support Files/Pods-FacebookFriends/Pods-FacebookFriends-frameworks-${CONFIGURATION}-input-files.xcfilelist",
			);
			name = "[CP] Embed Pods Frameworks";
			outputFileListPaths = (
				"${PODS_ROOT}/Target Support Files/Pods-FacebookFriends/Pods-FacebookFriends-frameworks-${CONFIGURATION}-output-files.xcfilelist",
			);
			runOnlyForDeploymentPostprocessing = 0;
			shellPath = /bin/sh;
			shellScript = "\"${PODS_ROOT}/Target Support Files/Pods-FacebookFriends/Pods-FacebookFriends-frameworks.sh\"\n";
			showEnvVarsInLog = 0;
		};
		BE1432BB6F34F01874931D4A /* [CP] Check Pods Manifest.lock */ = {
			isa = PBXShellScriptBuildPhase;
			buildActionMask = 2147483647;
			files = (
			);
			inputFileListPaths = (
			);
			inputPaths = (
				"${PODS_PODFILE_DIR_PATH}/Podfile.lock",
				"${PODS_ROOT}/Manifest.lock",
			);
			name = "[CP] Check Pods Manifest.lock";
			outputFileListPaths = (
			);
			outputPaths = (
				"$(DERIVED_FILE_DIR)/Pods-FacebookFriends-checkManifestLockResult.txt",
			);
			runOnlyForDeploymentPostprocessing = 0;
			shellPath = /bin/sh;
			shellScript = "diff \"${PODS_PODFILE_DIR_PATH}/Podfile.lock\" \"${PODS_ROOT}/Manifest.lock\" > /dev/null\nif [ $? != 0 ] ; then\n    # print error to STDERR\n    echo \"error: The sandbox is not in sync with the Podfile.lock. Run 'pod install' or update your CocoaPods installation.\" >&2\n    exit 1\nfi\n# This output is used by Xcode 'outputs' to avoid re-running this script phase.\necho \"SUCCESS\" > \"${SCRIPT_OUTPUT_FILE_0}\"\n";
			showEnvVarsInLog = 0;
		};
/* End PBXShellScriptBuildPhase section */

/* Begin PBXSourcesBuildPhase section */
		8A7B80072404FB7000C21FBC /* Sources */ = {
			isa = PBXSourcesBuildPhase;
			buildActionMask = 2147483647;
			files = (
				8A6F7A9F2406A2AE00832EEC /* MapViewController.swift in Sources */,
				8A3818A12405BDC5007F4088 /* DetailPageViewController.swift in Sources */,
				8ACADE77240548C30027C4E2 /* FriendTableViewCell.swift in Sources */,
				8A1B484924051A1700D6E0A6 /* FriendsDetailModel.swift in Sources */,
				8A7B80132404FB7000C21FBC /* LoginPageViewController.swift in Sources */,
				8ACADE75240547C50027C4E2 /* FriendsTableViewController.swift in Sources */,
				8AFAB1332405214300C48DEA /* WebServices.swift in Sources */,
				8A8BF98D240522600053BB18 /* Extensions.swift in Sources */,
				8A7B800F2404FB7000C21FBC /* AppDelegate.swift in Sources */,
				8A7B80112404FB7000C21FBC /* SceneDelegate.swift in Sources */,
				8A1B4842240505AD00D6E0A6 /* PublicVariables.swift in Sources */,
			);
			runOnlyForDeploymentPostprocessing = 0;
		};
/* End PBXSourcesBuildPhase section */

/* Begin PBXVariantGroup section */
		8A7B80142404FB7000C21FBC /* Main.storyboard */ = {
			isa = PBXVariantGroup;
			children = (
				8A7B80152404FB7000C21FBC /* Base */,
			);
			name = Main.storyboard;
			sourceTree = "<group>";
		};
		8A7B80192404FB7200C21FBC /* LaunchScreen.storyboard */ = {
			isa = PBXVariantGroup;
			children = (
				8A7B801A2404FB7200C21FBC /* Base */,
			);
			name = LaunchScreen.storyboard;
			sourceTree = "<group>";
		};
/* End PBXVariantGroup section */

/* Begin XCBuildConfiguration section */
		8A7B801D2404FB7200C21FBC /* Debug */ = {
			isa = XCBuildConfiguration;
			buildSettings = {
				ALWAYS_SEARCH_USER_PATHS = NO;
				CLANG_ANALYZER_NONNULL = YES;
				CLANG_ANALYZER_NUMBER_OBJECT_CONVERSION = YES_AGGRESSIVE;
				CLANG_CXX_LANGUAGE_STANDARD = "gnu++14";
				CLANG_CXX_LIBRARY = "libc++";
				CLANG_ENABLE_MODULES = YES;
				CLANG_ENABLE_OBJC_ARC = YES;
				CLANG_ENABLE_OBJC_WEAK = YES;
				CLANG_WARN_BLOCK_CAPTURE_AUTORELEASING = YES;
				CLANG_WARN_BOOL_CONVERSION = YES;
				CLANG_WARN_COMMA = YES;
				CLANG_WARN_CONSTANT_CONVERSION = YES;
				CLANG_WARN_DEPRECATED_OBJC_IMPLEMENTATIONS = YES;
				CLANG_WARN_DIRECT_OBJC_ISA_USAGE = YES_ERROR;
				CLANG_WARN_DOCUMENTATION_COMMENTS = YES;
				CLANG_WARN_EMPTY_BODY = YES;
				CLANG_WARN_ENUM_CONVERSION = YES;
				CLANG_WARN_INFINITE_RECURSION = YES;
				CLANG_WARN_INT_CONVERSION = YES;
				CLANG_WARN_NON_LITERAL_NULL_CONVERSION = YES;
				CLANG_WARN_OBJC_IMPLICIT_RETAIN_SELF = YES;
				CLANG_WARN_OBJC_LITERAL_CONVERSION = YES;
				CLANG_WARN_OBJC_ROOT_CLASS = YES_ERROR;
				CLANG_WARN_RANGE_LOOP_ANALYSIS = YES;
				CLANG_WARN_STRICT_PROTOTYPES = YES;
				CLANG_WARN_SUSPICIOUS_MOVE = YES;
				CLANG_WARN_UNGUARDED_AVAILABILITY = YES_AGGRESSIVE;
				CLANG_WARN_UNREACHABLE_CODE = YES;
				CLANG_WARN__DUPLICATE_METHOD_MATCH = YES;
				COPY_PHASE_STRIP = NO;
				DEBUG_INFORMATION_FORMAT = dwarf;
				ENABLE_STRICT_OBJC_MSGSEND = YES;
				ENABLE_TESTABILITY = YES;
				GCC_C_LANGUAGE_STANDARD = gnu11;
				GCC_DYNAMIC_NO_PIC = NO;
				GCC_NO_COMMON_BLOCKS = YES;
				GCC_OPTIMIZATION_LEVEL = 0;
				GCC_PREPROCESSOR_DEFINITIONS = (
					"DEBUG=1",
					"$(inherited)",
				);
				GCC_WARN_64_TO_32_BIT_CONVERSION = YES;
				GCC_WARN_ABOUT_RETURN_TYPE = YES_ERROR;
				GCC_WARN_UNDECLARED_SELECTOR = YES;
				GCC_WARN_UNINITIALIZED_AUTOS = YES_AGGRESSIVE;
				GCC_WARN_UNUSED_FUNCTION = YES;
				GCC_WARN_UNUSED_VARIABLE = YES;
				IPHONEOS_DEPLOYMENT_TARGET = 13.2;
				MTL_ENABLE_DEBUG_INFO = INCLUDE_SOURCE;
				MTL_FAST_MATH = YES;
				ONLY_ACTIVE_ARCH = YES;
				SDKROOT = iphoneos;
				SWIFT_ACTIVE_COMPILATION_CONDITIONS = DEBUG;
				SWIFT_OPTIMIZATION_LEVEL = "-Onone";
			};
			name = Debug;
		};
		8A7B801E2404FB7200C21FBC /* Release */ = {
			isa = XCBuildConfiguration;
			buildSettings = {
				ALWAYS_SEARCH_USER_PATHS = NO;
				CLANG_ANALYZER_NONNULL = YES;
				CLANG_ANALYZER_NUMBER_OBJECT_CONVERSION = YES_AGGRESSIVE;
				CLANG_CXX_LANGUAGE_STANDARD = "gnu++14";
				CLANG_CXX_LIBRARY = "libc++";
				CLANG_ENABLE_MODULES = YES;
				CLANG_ENABLE_OBJC_ARC = YES;
				CLANG_ENABLE_OBJC_WEAK = YES;
				CLANG_WARN_BLOCK_CAPTURE_AUTORELEASING = YES;
				CLANG_WARN_BOOL_CONVERSION = YES;
				CLANG_WARN_COMMA = YES;
				CLANG_WARN_CONSTANT_CONVERSION = YES;
				CLANG_WARN_DEPRECATED_OBJC_IMPLEMENTATIONS = YES;
				CLANG_WARN_DIRECT_OBJC_ISA_USAGE = YES_ERROR;
				CLANG_WARN_DOCUMENTATION_COMMENTS = YES;
				CLANG_WARN_EMPTY_BODY = YES;
				CLANG_WARN_ENUM_CONVERSION = YES;
				CLANG_WARN_INFINITE_RECURSION = YES;
				CLANG_WARN_INT_CONVERSION = YES;
				CLANG_WARN_NON_LITERAL_NULL_CONVERSION = YES;
				CLANG_WARN_OBJC_IMPLICIT_RETAIN_SELF = YES;
				CLANG_WARN_OBJC_LITERAL_CONVERSION = YES;
				CLANG_WARN_OBJC_ROOT_CLASS = YES_ERROR;
				CLANG_WARN_RANGE_LOOP_ANALYSIS = YES;
				CLANG_WARN_STRICT_PROTOTYPES = YES;
				CLANG_WARN_SUSPICIOUS_MOVE = YES;
				CLANG_WARN_UNGUARDED_AVAILABILITY = YES_AGGRESSIVE;
				CLANG_WARN_UNREACHABLE_CODE = YES;
				CLANG_WARN__DUPLICATE_METHOD_MATCH = YES;
				COPY_PHASE_STRIP = NO;
				DEBUG_INFORMATION_FORMAT = "dwarf-with-dsym";
				ENABLE_NS_ASSERTIONS = NO;
				ENABLE_STRICT_OBJC_MSGSEND = YES;
				GCC_C_LANGUAGE_STANDARD = gnu11;
				GCC_NO_COMMON_BLOCKS = YES;
				GCC_WARN_64_TO_32_BIT_CONVERSION = YES;
				GCC_WARN_ABOUT_RETURN_TYPE = YES_ERROR;
				GCC_WARN_UNDECLARED_SELECTOR = YES;
				GCC_WARN_UNINITIALIZED_AUTOS = YES_AGGRESSIVE;
				GCC_WARN_UNUSED_FUNCTION = YES;
				GCC_WARN_UNUSED_VARIABLE = YES;
				IPHONEOS_DEPLOYMENT_TARGET = 13.2;
				MTL_ENABLE_DEBUG_INFO = NO;
				MTL_FAST_MATH = YES;
				SDKROOT = iphoneos;
				SWIFT_COMPILATION_MODE = wholemodule;
				SWIFT_OPTIMIZATION_LEVEL = "-O";
				VALIDATE_PRODUCT = YES;
			};
			name = Release;
		};
		8A7B80202404FB7200C21FBC /* Debug */ = {
			isa = XCBuildConfiguration;
			baseConfigurationReference = 79966519EB3BCB47E682E9E7 /* Pods-FacebookFriends.debug.xcconfig */;
			buildSettings = {
				ASSETCATALOG_COMPILER_APPICON_NAME = AppIcon;
				CODE_SIGN_STYLE = Automatic;
				DEVELOPMENT_TEAM = JZ8X5DE42Y;
				INFOPLIST_FILE = FacebookFriends/Info.plist;
				LD_RUNPATH_SEARCH_PATHS = (
					"$(inherited)",
					"@executable_path/Frameworks",
				);
				PRODUCT_BUNDLE_IDENTIFIER = com.muhammetTahaGenc.FacebookFriends;
				PRODUCT_NAME = "$(TARGET_NAME)";
				SWIFT_VERSION = 5.0;
				TARGETED_DEVICE_FAMILY = "1,2";
			};
			name = Debug;
		};
		8A7B80212404FB7200C21FBC /* Release */ = {
			isa = XCBuildConfiguration;
			baseConfigurationReference = F96D94F5C689910284E33385 /* Pods-FacebookFriends.release.xcconfig */;
			buildSettings = {
				ASSETCATALOG_COMPILER_APPICON_NAME = AppIcon;
				CODE_SIGN_STYLE = Automatic;
				DEVELOPMENT_TEAM = JZ8X5DE42Y;
				INFOPLIST_FILE = FacebookFriends/Info.plist;
				LD_RUNPATH_SEARCH_PATHS = (
					"$(inherited)",
					"@executable_path/Frameworks",
				);
				PRODUCT_BUNDLE_IDENTIFIER = com.muhammetTahaGenc.FacebookFriends;
				PRODUCT_NAME = "$(TARGET_NAME)";
				SWIFT_VERSION = 5.0;
				TARGETED_DEVICE_FAMILY = "1,2";
			};
			name = Release;
		};
/* End XCBuildConfiguration section */

/* Begin XCConfigurationList section */
		8A7B80062404FB7000C21FBC /* Build configuration list for PBXProject "FacebookFriends" */ = {
			isa = XCConfigurationList;
			buildConfigurations = (
				8A7B801D2404FB7200C21FBC /* Debug */,
				8A7B801E2404FB7200C21FBC /* Release */,
			);
			defaultConfigurationIsVisible = 0;
			defaultConfigurationName = Release;
		};
		8A7B801F2404FB7200C21FBC /* Build configuration list for PBXNativeTarget "FacebookFriends" */ = {
			isa = XCConfigurationList;
			buildConfigurations = (
				8A7B80202404FB7200C21FBC /* Debug */,
				8A7B80212404FB7200C21FBC /* Release */,
			);
			defaultConfigurationIsVisible = 0;
			defaultConfigurationName = Release;
		};
/* End XCConfigurationList section */
	};
	rootObject = 8A7B80032404FB7000C21FBC /* Project object */;
}
